// !$*UTF8*$!
{
	archiveVersion = 1;
	classes = {
	};
	objectVersion = 51;
	objects = {

/* Begin PBXBuildFile section */
		7D558E177E6B9A4938668865 /* Pods_UserAccount.framework in Frameworks */ = {isa = PBXBuildFile; fileRef = 4FD5724F8EDDDDFBD280B525 /* Pods_UserAccount.framework */; };
		FA116EDC26D7B6DE00088C25 /* AppDelegate.swift in Sources */ = {isa = PBXBuildFile; fileRef = FA116EDB26D7B6DE00088C25 /* AppDelegate.swift */; };
		FA116EDE26D7B6DE00088C25 /* SceneDelegate.swift in Sources */ = {isa = PBXBuildFile; fileRef = FA116EDD26D7B6DE00088C25 /* SceneDelegate.swift */; };
		FA116EE026D7B6DE00088C25 /* ViewController.swift in Sources */ = {isa = PBXBuildFile; fileRef = FA116EDF26D7B6DE00088C25 /* ViewController.swift */; };
		FA116EE326D7B6DE00088C25 /* Main.storyboard in Resources */ = {isa = PBXBuildFile; fileRef = FA116EE126D7B6DE00088C25 /* Main.storyboard */; };
		FA116EE526D7B6E300088C25 /* Assets.xcassets in Resources */ = {isa = PBXBuildFile; fileRef = FA116EE426D7B6E300088C25 /* Assets.xcassets */; };
		FA116EE826D7B6E300088C25 /* LaunchScreen.storyboard in Resources */ = {isa = PBXBuildFile; fileRef = FA116EE626D7B6E300088C25 /* LaunchScreen.storyboard */; };
		FA116EF126D7B96F00088C25 /* SignUpViewController.swift in Sources */ = {isa = PBXBuildFile; fileRef = FA116EF026D7B96F00088C25 /* SignUpViewController.swift */; };
		FA116EF326D7B97D00088C25 /* LoginViewController.swift in Sources */ = {isa = PBXBuildFile; fileRef = FA116EF226D7B97D00088C25 /* LoginViewController.swift */; };
		FA116EF526D7B98E00088C25 /* SuccesViewController.swift in Sources */ = {isa = PBXBuildFile; fileRef = FA116EF426D7B98E00088C25 /* SuccesViewController.swift */; };
		FA116EF826D7C70C00088C25 /* Utilities.swift in Sources */ = {isa = PBXBuildFile; fileRef = FA116EF726D7C70C00088C25 /* Utilities.swift */; };
		FA116EFA26D7CE6200088C25 /* GoogleService-Info.plist in Resources */ = {isa = PBXBuildFile; fileRef = FA116EF926D7CE6200088C25 /* GoogleService-Info.plist */; };
		FA116EFC26D9022400088C25 /* bvideo.mp4 in Resources */ = {isa = PBXBuildFile; fileRef = FA116EFB26D9022400088C25 /* bvideo.mp4 */; };
		FA116EFF26D913C600088C25 /* video3.mp4 in Resources */ = {isa = PBXBuildFile; fileRef = FA116EFE26D913C500088C25 /* video3.mp4 */; };
/* End PBXBuildFile section */

/* Begin PBXFileReference section */
		46B16370486288AECE03BC4A /* Pods-UserAccount.debug.xcconfig */ = {isa = PBXFileReference; includeInIndex = 1; lastKnownFileType = text.xcconfig; name = "Pods-UserAccount.debug.xcconfig"; path = "Target Support Files/Pods-UserAccount/Pods-UserAccount.debug.xcconfig"; sourceTree = "<group>"; };
		4FD5724F8EDDDDFBD280B525 /* Pods_UserAccount.framework */ = {isa = PBXFileReference; explicitFileType = wrapper.framework; includeInIndex = 0; path = Pods_UserAccount.framework; sourceTree = BUILT_PRODUCTS_DIR; };
		C343ECB55F7108970D59DC42 /* Pods-UserAccount.release.xcconfig */ = {isa = PBXFileReference; includeInIndex = 1; lastKnownFileType = text.xcconfig; name = "Pods-UserAccount.release.xcconfig"; path = "Target Support Files/Pods-UserAccount/Pods-UserAccount.release.xcconfig"; sourceTree = "<group>"; };
		FA116ED826D7B6DE00088C25 /* UserAccount.app */ = {isa = PBXFileReference; explicitFileType = wrapper.application; includeInIndex = 0; path = UserAccount.app; sourceTree = BUILT_PRODUCTS_DIR; };
		FA116EDB26D7B6DE00088C25 /* AppDelegate.swift */ = {isa = PBXFileReference; lastKnownFileType = sourcecode.swift; path = AppDelegate.swift; sourceTree = "<group>"; };
		FA116EDD26D7B6DE00088C25 /* SceneDelegate.swift */ = {isa = PBXFileReference; lastKnownFileType = sourcecode.swift; path = SceneDelegate.swift; sourceTree = "<group>"; };
		FA116EDF26D7B6DE00088C25 /* ViewController.swift */ = {isa = PBXFileReference; lastKnownFileType = sourcecode.swift; path = ViewController.swift; sourceTree = "<group>"; };
		FA116EE226D7B6DE00088C25 /* Base */ = {isa = PBXFileReference; lastKnownFileType = file.storyboard; name = Base; path = Base.lproj/Main.storyboard; sourceTree = "<group>"; };
		FA116EE426D7B6E300088C25 /* Assets.xcassets */ = {isa = PBXFileReference; lastKnownFileType = folder.assetcatalog; path = Assets.xcassets; sourceTree = "<group>"; };
		FA116EE726D7B6E300088C25 /* Base */ = {isa = PBXFileReference; lastKnownFileType = file.storyboard; name = Base; path = Base.lproj/LaunchScreen.storyboard; sourceTree = "<group>"; };
		FA116EE926D7B6E300088C25 /* Info.plist */ = {isa = PBXFileReference; lastKnownFileType = text.plist.xml; path = Info.plist; sourceTree = "<group>"; };
		FA116EF026D7B96F00088C25 /* SignUpViewController.swift */ = {isa = PBXFileReference; lastKnownFileType = sourcecode.swift; path = SignUpViewController.swift; sourceTree = "<group>"; };
		FA116EF226D7B97D00088C25 /* LoginViewController.swift */ = {isa = PBXFileReference; lastKnownFileType = sourcecode.swift; path = LoginViewController.swift; sourceTree = "<group>"; };
		FA116EF426D7B98E00088C25 /* SuccesViewController.swift */ = {isa = PBXFileReference; lastKnownFileType = sourcecode.swift; path = SuccesViewController.swift; sourceTree = "<group>"; };
		FA116EF726D7C70C00088C25 /* Utilities.swift */ = {isa = PBXFileReference; lastKnownFileType = sourcecode.swift; path = Utilities.swift; sourceTree = "<group>"; };
		FA116EF926D7CE6200088C25 /* GoogleService-Info.plist */ = {isa = PBXFileReference; fileEncoding = 4; lastKnownFileType = text.plist.xml; path = "GoogleService-Info.plist"; sourceTree = "<group>"; };
		FA116EFB26D9022400088C25 /* bvideo.mp4 */ = {isa = PBXFileReference; lastKnownFileType = file; path = bvideo.mp4; sourceTree = "<group>"; };
		FA116EFE26D913C500088C25 /* video3.mp4 */ = {isa = PBXFileReference; lastKnownFileType = file; path = video3.mp4; sourceTree = "<group>"; };
/* End PBXFileReference section */

/* Begin PBXFrameworksBuildPhase section */
		FA116ED526D7B6DE00088C25 /* Frameworks */ = {
			isa = PBXFrameworksBuildPhase;
			buildActionMask = 2147483647;
			files = (
				7D558E177E6B9A4938668865 /* Pods_UserAccount.framework in Frameworks */,
			);
			runOnlyForDeploymentPostprocessing = 0;
		};
/* End PBXFrameworksBuildPhase section */

/* Begin PBXGroup section */
		16FCD6FF1EC835B21A3293B8 /* Frameworks */ = {
			isa = PBXGroup;
			children = (
				4FD5724F8EDDDDFBD280B525 /* Pods_UserAccount.framework */,
			);
			name = Frameworks;
			sourceTree = "<group>";
		};
		F4D1867C61F7F00985E48916 /* Pods */ = {
			isa = PBXGroup;
			children = (
				46B16370486288AECE03BC4A /* Pods-UserAccount.debug.xcconfig */,
				C343ECB55F7108970D59DC42 /* Pods-UserAccount.release.xcconfig */,
			);
			path = Pods;
			sourceTree = "<group>";
		};
		FA116ECF26D7B6DE00088C25 = {
			isa = PBXGroup;
			children = (
				FA116EDA26D7B6DE00088C25 /* UserAccount */,
				FA116ED926D7B6DE00088C25 /* Products */,
				F4D1867C61F7F00985E48916 /* Pods */,
				16FCD6FF1EC835B21A3293B8 /* Frameworks */,
			);
			sourceTree = "<group>";
		};
		FA116ED926D7B6DE00088C25 /* Products */ = {
			isa = PBXGroup;
			children = (
				FA116ED826D7B6DE00088C25 /* UserAccount.app */,
			);
			name = Products;
			sourceTree = "<group>";
		};
		FA116EDA26D7B6DE00088C25 /* UserAccount */ = {
			isa = PBXGroup;
			children = (
				FA116EFD26D9022900088C25 /* Media */,
				FA116EDB26D7B6DE00088C25 /* AppDelegate.swift */,
				FA116EDD26D7B6DE00088C25 /* SceneDelegate.swift */,
				FA116EF626D7C6FA00088C25 /* Helper */,
				FA116EEF26D7B95B00088C25 /* ViewController */,
				FA116EE126D7B6DE00088C25 /* Main.storyboard */,
				FA116EE426D7B6E300088C25 /* Assets.xcassets */,
				FA116EE626D7B6E300088C25 /* LaunchScreen.storyboard */,
				FA116EE926D7B6E300088C25 /* Info.plist */,
				FA116EF926D7CE6200088C25 /* GoogleService-Info.plist */,
			);
			path = UserAccount;
			sourceTree = "<group>";
		};
		FA116EEF26D7B95B00088C25 /* ViewController */ = {
			isa = PBXGroup;
			children = (
				FA116EDF26D7B6DE00088C25 /* ViewController.swift */,
				FA116EF026D7B96F00088C25 /* SignUpViewController.swift */,
				FA116EF226D7B97D00088C25 /* LoginViewController.swift */,
				FA116EF426D7B98E00088C25 /* SuccesViewController.swift */,
			);
			path = ViewController;
			sourceTree = "<group>";
		};
		FA116EF626D7C6FA00088C25 /* Helper */ = {
			isa = PBXGroup;
			children = (
				FA116EF726D7C70C00088C25 /* Utilities.swift */,
			);
			path = Helper;
			sourceTree = "<group>";
		};
		FA116EFD26D9022900088C25 /* Media */ = {
			isa = PBXGroup;
			children = (
				FA116EFE26D913C500088C25 /* video3.mp4 */,
				FA116EFB26D9022400088C25 /* bvideo.mp4 */,
			);
			path = Media;
			sourceTree = "<group>";
		};
/* End PBXGroup section */

/* Begin PBXNativeTarget section */
		FA116ED726D7B6DE00088C25 /* UserAccount */ = {
			isa = PBXNativeTarget;
			buildConfigurationList = FA116EEC26D7B6E300088C25 /* Build configuration list for PBXNativeTarget "UserAccount" */;
			buildPhases = (
				1668134982C253A71E3C3330 /* [CP] Check Pods Manifest.lock */,
				FA116ED426D7B6DE00088C25 /* Sources */,
				FA116ED526D7B6DE00088C25 /* Frameworks */,
				FA116ED626D7B6DE00088C25 /* Resources */,
				7DAA2EE2D8853F1DCE87872D /* [CP] Embed Pods Frameworks */,
			);
			buildRules = (
			);
			dependencies = (
			);
			name = UserAccount;
			productName = UserAccount;
			productReference = FA116ED826D7B6DE00088C25 /* UserAccount.app */;
			productType = "com.apple.product-type.application";
		};
/* End PBXNativeTarget section */

/* Begin PBXProject section */
		FA116ED026D7B6DE00088C25 /* Project object */ = {
			isa = PBXProject;
			attributes = {
				LastSwiftUpdateCheck = 1250;
				LastUpgradeCheck = 1250;
				TargetAttributes = {
					FA116ED726D7B6DE00088C25 = {
						CreatedOnToolsVersion = 12.5.1;
					};
				};
			};
			buildConfigurationList = FA116ED326D7B6DE00088C25 /* Build configuration list for PBXProject "UserAccount" */;
			compatibilityVersion = "Xcode 9.3";
			developmentRegion = en;
			hasScannedForEncodings = 0;
			knownRegions = (
				en,
				Base,
			);
			mainGroup = FA116ECF26D7B6DE00088C25;
			productRefGroup = FA116ED926D7B6DE00088C25 /* Products */;
			projectDirPath = "";
			projectRoot = "";
			targets = (
				FA116ED726D7B6DE00088C25 /* UserAccount */,
			);
		};
/* End PBXProject section */

/* Begin PBXResourcesBuildPhase section */
		FA116ED626D7B6DE00088C25 /* Resources */ = {
			isa = PBXResourcesBuildPhase;
			buildActionMask = 2147483647;
			files = (
				FA116EFC26D9022400088C25 /* bvideo.mp4 in Resources */,
				FA116EFF26D913C600088C25 /* video3.mp4 in Resources */,
				FA116EE826D7B6E300088C25 /* LaunchScreen.storyboard in Resources */,
				FA116EFA26D7CE6200088C25 /* GoogleService-Info.plist in Resources */,
				FA116EE526D7B6E300088C25 /* Assets.xcassets in Resources */,
				FA116EE326D7B6DE00088C25 /* Main.storyboard in Resources */,
			);
			runOnlyForDeploymentPostprocessing = 0;
		};
/* End PBXResourcesBuildPhase section */

/* Begin PBXShellScriptBuildPhase section */
		1668134982C253A71E3C3330 /* [CP] Check Pods Manifest.lock */ = {
			isa = PBXShellScriptBuildPhase;
			buildActionMask = 2147483647;
			files = (
			);
			inputFileListPaths = (
			);
			inputPaths = (
				"${PODS_PODFILE_DIR_PATH}/Podfile.lock",
				"${PODS_ROOT}/Manifest.lock",
			);
			name = "[CP] Check Pods Manifest.lock";
			outputFileListPaths = (
			);
			outputPaths = (
				"$(DERIVED_FILE_DIR)/Pods-UserAccount-checkManifestLockResult.txt",
			);
			runOnlyForDeploymentPostprocessing = 0;
			shellPath = /bin/sh;
			shellScript = "diff \"${PODS_PODFILE_DIR_PATH}/Podfile.lock\" \"${PODS_ROOT}/Manifest.lock\" > /dev/null\nif [ $? != 0 ] ; then\n    # print error to STDERR\n    echo \"error: The sandbox is not in sync with the Podfile.lock. Run 'pod install' or update your CocoaPods installation.\" >&2\n    exit 1\nfi\n# This output is used by Xcode 'outputs' to avoid re-running this script phase.\necho \"SUCCESS\" > \"${SCRIPT_OUTPUT_FILE_0}\"\n";
			showEnvVarsInLog = 0;
		};
		7DAA2EE2D8853F1DCE87872D /* [CP] Embed Pods Frameworks */ = {
			isa = PBXShellScriptBuildPhase;
			buildActionMask = 2147483647;
			files = (
			);
			inputFileListPaths = (
				"${PODS_ROOT}/Target Support Files/Pods-UserAccount/Pods-UserAccount-frameworks-${CONFIGURATION}-input-files.xcfilelist",
			);
			name = "[CP] Embed Pods Frameworks";
			outputFileListPaths = (
				"${PODS_ROOT}/Target Support Files/Pods-UserAccount/Pods-UserAccount-frameworks-${CONFIGURATION}-output-files.xcfilelist",
			);
			runOnlyForDeploymentPostprocessing = 0;
			shellPath = /bin/sh;
			shellScript = "\"${PODS_ROOT}/Target Support Files/Pods-UserAccount/Pods-UserAccount-frameworks.sh\"\n";
			showEnvVarsInLog = 0;
		};
/* End PBXShellScriptBuildPhase section */

/* Begin PBXSourcesBuildPhase section */
		FA116ED426D7B6DE00088C25 /* Sources */ = {
			isa = PBXSourcesBuildPhase;
			buildActionMask = 2147483647;
			files = (
				FA116EE026D7B6DE00088C25 /* ViewController.swift in Sources */,
				FA116EDC26D7B6DE00088C25 /* AppDelegate.swift in Sources */,
				FA116EF826D7C70C00088C25 /* Utilities.swift in Sources */,
				FA116EF126D7B96F00088C25 /* SignUpViewController.swift in Sources */,
				FA116EF326D7B97D00088C25 /* LoginViewController.swift in Sources */,
				FA116EF526D7B98E00088C25 /* SuccesViewController.swift in Sources */,
				FA116EDE26D7B6DE00088C25 /* SceneDelegate.swift in Sources */,
			);
			runOnlyForDeploymentPostprocessing = 0;
		};
/* End PBXSourcesBuildPhase section */

/* Begin PBXVariantGroup section */
		FA116EE126D7B6DE00088C25 /* Main.storyboard */ = {
			isa = PBXVariantGroup;
			children = (
				FA116EE226D7B6DE00088C25 /* Base */,
			);
			name = Main.storyboard;
			sourceTree = "<group>";
		};
		FA116EE626D7B6E300088C25 /* LaunchScreen.storyboard */ = {
			isa = PBXVariantGroup;
			children = (
				FA116EE726D7B6E300088C25 /* Base */,
			);
			name = LaunchScreen.storyboard;
			sourceTree = "<group>";
		};
/* End PBXVariantGroup section */

/* Begin XCBuildConfiguration section */
		FA116EEA26D7B6E300088C25 /* Debug */ = {
			isa = XCBuildConfiguration;
			buildSettings = {
				ALWAYS_SEARCH_USER_PATHS = NO;
				CLANG_ANALYZER_NONNULL = YES;
				CLANG_ANALYZER_NUMBER_OBJECT_CONVERSION = YES_AGGRESSIVE;
				CLANG_CXX_LANGUAGE_STANDARD = "gnu++14";
				CLANG_CXX_LIBRARY = "libc++";
				CLANG_ENABLE_MODULES = YES;
				CLANG_ENABLE_OBJC_ARC = YES;
				CLANG_ENABLE_OBJC_WEAK = YES;
				CLANG_WARN_BLOCK_CAPTURE_AUTORELEASING = YES;
				CLANG_WARN_BOOL_CONVERSION = YES;
				CLANG_WARN_COMMA = YES;
				CLANG_WARN_CONSTANT_CONVERSION = YES;
				CLANG_WARN_DEPRECATED_OBJC_IMPLEMENTATIONS = YES;
				CLANG_WARN_DIRECT_OBJC_ISA_USAGE = YES_ERROR;
				CLANG_WARN_DOCUMENTATION_COMMENTS = YES;
				CLANG_WARN_EMPTY_BODY = YES;
				CLANG_WARN_ENUM_CONVERSION = YES;
				CLANG_WARN_INFINITE_RECURSION = YES;
				CLANG_WARN_INT_CONVERSION = YES;
				CLANG_WARN_NON_LITERAL_NULL_CONVERSION = YES;
				CLANG_WARN_OBJC_IMPLICIT_RETAIN_SELF = YES;
				CLANG_WARN_OBJC_LITERAL_CONVERSION = YES;
				CLANG_WARN_OBJC_ROOT_CLASS = YES_ERROR;
				CLANG_WARN_QUOTED_INCLUDE_IN_FRAMEWORK_HEADER = YES;
				CLANG_WARN_RANGE_LOOP_ANALYSIS = YES;
				CLANG_WARN_STRICT_PROTOTYPES = YES;
				CLANG_WARN_SUSPICIOUS_MOVE = YES;
				CLANG_WARN_UNGUARDED_AVAILABILITY = YES_AGGRESSIVE;
				CLANG_WARN_UNREACHABLE_CODE = YES;
				CLANG_WARN__DUPLICATE_METHOD_MATCH = YES;
				COPY_PHASE_STRIP = NO;
				DEBUG_INFORMATION_FORMAT = dwarf;
				ENABLE_STRICT_OBJC_MSGSEND = YES;
				ENABLE_TESTABILITY = YES;
				GCC_C_LANGUAGE_STANDARD = gnu11;
				GCC_DYNAMIC_NO_PIC = NO;
				GCC_NO_COMMON_BLOCKS = YES;
				GCC_OPTIMIZATION_LEVEL = 0;
				GCC_PREPROCESSOR_DEFINITIONS = (
					"DEBUG=1",
					"$(inherited)",
				);
				GCC_WARN_64_TO_32_BIT_CONVERSION = YES;
				GCC_WARN_ABOUT_RETURN_TYPE = YES_ERROR;
				GCC_WARN_UNDECLARED_SELECTOR = YES;
				GCC_WARN_UNINITIALIZED_AUTOS = YES_AGGRESSIVE;
				GCC_WARN_UNUSED_FUNCTION = YES;
				GCC_WARN_UNUSED_VARIABLE = YES;
				IPHONEOS_DEPLOYMENT_TARGET = 14.5;
				MTL_ENABLE_DEBUG_INFO = INCLUDE_SOURCE;
				MTL_FAST_MATH = YES;
				ONLY_ACTIVE_ARCH = YES;
				SDKROOT = iphoneos;
				SWIFT_ACTIVE_COMPILATION_CONDITIONS = DEBUG;
				SWIFT_OPTIMIZATION_LEVEL = "-Onone";
			};
			name = Debug;
		};
		FA116EEB26D7B6E300088C25 /* Release */ = {
			isa = XCBuildConfiguration;
			buildSettings = {
				ALWAYS_SEARCH_USER_PATHS = NO;
				CLANG_ANALYZER_NONNULL = YES;
				CLANG_ANALYZER_NUMBER_OBJECT_CONVERSION = YES_AGGRESSIVE;
				CLANG_CXX_LANGUAGE_STANDARD = "gnu++14";
				CLANG_CXX_LIBRARY = "libc++";
				CLANG_ENABLE_MODULES = YES;
				CLANG_ENABLE_OBJC_ARC = YES;
				CLANG_ENABLE_OBJC_WEAK = YES;
				CLANG_WARN_BLOCK_CAPTURE_AUTORELEASING = YES;
				CLANG_WARN_BOOL_CONVERSION = YES;
				CLANG_WARN_COMMA = YES;
				CLANG_WARN_CONSTANT_CONVERSION = YES;
				CLANG_WARN_DEPRECATED_OBJC_IMPLEMENTATIONS = YES;
				CLANG_WARN_DIRECT_OBJC_ISA_USAGE = YES_ERROR;
				CLANG_WARN_DOCUMENTATION_COMMENTS = YES;
				CLANG_WARN_EMPTY_BODY = YES;
				CLANG_WARN_ENUM_CONVERSION = YES;
				CLANG_WARN_INFINITE_RECURSION = YES;
				CLANG_WARN_INT_CONVERSION = YES;
				CLANG_WARN_NON_LITERAL_NULL_CONVERSION = YES;
				CLANG_WARN_OBJC_IMPLICIT_RETAIN_SELF = YES;
				CLANG_WARN_OBJC_LITERAL_CONVERSION = YES;
				CLANG_WARN_OBJC_ROOT_CLASS = YES_ERROR;
				CLANG_WARN_QUOTED_INCLUDE_IN_FRAMEWORK_HEADER = YES;
				CLANG_WARN_RANGE_LOOP_ANALYSIS = YES;
				CLANG_WARN_STRICT_PROTOTYPES = YES;
				CLANG_WARN_SUSPICIOUS_MOVE = YES;
				CLANG_WARN_UNGUARDED_AVAILABILITY = YES_AGGRESSIVE;
				CLANG_WARN_UNREACHABLE_CODE = YES;
				CLANG_WARN__DUPLICATE_METHOD_MATCH = YES;
				COPY_PHASE_STRIP = NO;
				DEBUG_INFORMATION_FORMAT = "dwarf-with-dsym";
				ENABLE_NS_ASSERTIONS = NO;
				ENABLE_STRICT_OBJC_MSGSEND = YES;
				GCC_C_LANGUAGE_STANDARD = gnu11;
				GCC_NO_COMMON_BLOCKS = YES;
				GCC_WARN_64_TO_32_BIT_CONVERSION = YES;
				GCC_WARN_ABOUT_RETURN_TYPE = YES_ERROR;
				GCC_WARN_UNDECLARED_SELECTOR = YES;
				GCC_WARN_UNINITIALIZED_AUTOS = YES_AGGRESSIVE;
				GCC_WARN_UNUSED_FUNCTION = YES;
				GCC_WARN_UNUSED_VARIABLE = YES;
				IPHONEOS_DEPLOYMENT_TARGET = 14.5;
				MTL_ENABLE_DEBUG_INFO = NO;
				MTL_FAST_MATH = YES;
				SDKROOT = iphoneos;
				SWIFT_COMPILATION_MODE = wholemodule;
				SWIFT_OPTIMIZATION_LEVEL = "-O";
				VALIDATE_PRODUCT = YES;
			};
			name = Release;
		};
		FA116EED26D7B6E300088C25 /* Debug */ = {
			isa = XCBuildConfiguration;
			baseConfigurationReference = 46B16370486288AECE03BC4A /* Pods-UserAccount.debug.xcconfig */;
			buildSettings = {
				ASSETCATALOG_COMPILER_APPICON_NAME = AppIcon;
				ASSETCATALOG_COMPILER_GLOBAL_ACCENT_COLOR_NAME = AccentColor;
				CODE_SIGN_STYLE = Automatic;
				DEVELOPMENT_TEAM = C9AP8276WL;
				INFOPLIST_FILE = UserAccount/Info.plist;
				LD_RUNPATH_SEARCH_PATHS = (
					"$(inherited)",
					"@executable_path/Frameworks",
				);
				PRODUCT_BUNDLE_IDENTIFIER = com.hamed.UserAccount;
				PRODUCT_NAME = "$(TARGET_NAME)";
				SWIFT_VERSION = 5.0;
				TARGETED_DEVICE_FAMILY = "1,2";
			};
			name = Debug;
		};
		FA116EEE26D7B6E300088C25 /* Release */ = {
			isa = XCBuildConfiguration;
			baseConfigurationReference = C343ECB55F7108970D59DC42 /* Pods-UserAccount.release.xcconfig */;
			buildSettings = {
				ASSETCATALOG_COMPILER_APPICON_NAME = AppIcon;
				ASSETCATALOG_COMPILER_GLOBAL_ACCENT_COLOR_NAME = AccentColor;
				CODE_SIGN_STYLE = Automatic;
				DEVELOPMENT_TEAM = C9AP8276WL;
				INFOPLIST_FILE = UserAccount/Info.plist;
				LD_RUNPATH_SEARCH_PATHS = (
					"$(inherited)",
					"@executable_path/Frameworks",
				);
				PRODUCT_BUNDLE_IDENTIFIER = com.hamed.UserAccount;
				PRODUCT_NAME = "$(TARGET_NAME)";
				SWIFT_VERSION = 5.0;
				TARGETED_DEVICE_FAMILY = "1,2";
			};
			name = Release;
		};
/* End XCBuildConfiguration section */

/* Begin XCConfigurationList section */
		FA116ED326D7B6DE00088C25 /* Build configuration list for PBXProject "UserAccount" */ = {
			isa = XCConfigurationList;
			buildConfigurations = (
				FA116EEA26D7B6E300088C25 /* Debug */,
				FA116EEB26D7B6E300088C25 /* Release */,
			);
			defaultConfigurationIsVisible = 0;
			defaultConfigurationName = Release;
		};
		FA116EEC26D7B6E300088C25 /* Build configuration list for PBXNativeTarget "UserAccount" */ = {
			isa = XCConfigurationList;
			buildConfigurations = (
				FA116EED26D7B6E300088C25 /* Debug */,
				FA116EEE26D7B6E300088C25 /* Release */,
			);
			defaultConfigurationIsVisible = 0;
			defaultConfigurationName = Release;
		};
/* End XCConfigurationList section */
	};
	rootObject = FA116ED026D7B6DE00088C25 /* Project object */;
}
